
Microsoft Visual Studio Solution File, Format Version 12.00
# Visual Studio Version 16
VisualStudioVersion = 16.0.29424.173
MinimumVisualStudioVersion = 10.0.40219.1
Project("{9A19103F-16F7-4668-BE54-9A1E7A4F7556}") = "BusinessLogic", "BusinessLogic\BusinessLogic.csproj", "{D6418185-18CC-451C-9661-D10B3C1B48BD}"
EndProject
Project("{9A19103F-16F7-4668-BE54-9A1E7A4F7556}") = "WebSite", "WebSite\WebSite.csproj", "{8E76D324-B015-4F37-A48E-90F1C290889C}"
	ProjectSection(ProjectDependencies) = postProject
		{D6418185-18CC-451C-9661-D10B3C1B48BD} = {D6418185-18CC-451C-9661-D10B3C1B48BD}
	EndProjectSection
EndProject
Global
	GlobalSection(SolutionConfigurationPlatforms) = preSolution
		Debug|Any CPU = Debug|Any CPU
		Release|Any CPU = Release|Any CPU
	EndGlobalSection
	GlobalSection(ProjectConfigurationPlatforms) = postSolution
		{D6418185-18CC-451C-9661-D10B3C1B48BD}.Debug|Any CPU.ActiveCfg = Debug|Any CPU
		{D6418185-18CC-451C-9661-D10B3C1B48BD}.Debug|Any CPU.Build.0 = Debug|Any CPU
		{D6418185-18CC-451C-9661-D10B3C1B48BD}.Release|Any CPU.ActiveCfg = Release|Any CPU
		{D6418185-18CC-451C-9661-D10B3C1B48BD}.Release|Any CPU.Build.0 = Release|Any CPU
		{8E76D324-B015-4F37-A48E-90F1C290889C}.Debug|Any CPU.ActiveCfg = Debug|Any CPU
		{8E76D324-B015-4F37-A48E-90F1C290889C}.Debug|Any CPU.Build.0 = Debug|Any CPU
		{8E76D324-B015-4F37-A48E-90F1C290889C}.Release|Any CPU.ActiveCfg = Release|Any CPU
		{8E76D324-B015-4F37-A48E-90F1C290889C}.Release|Any CPU.Build.0 = Release|Any CPU
	EndGlobalSection
	GlobalSection(SolutionProperties) = preSolution
		HideSolutionNode = FALSE
	EndGlobalSection
	GlobalSection(ExtensibilityGlobals) = postSolution
		SolutionGuid = {EAC090B1-5EF6-4661-923C-734DE5115017}
	EndGlobalSection
EndGlobal
